
Microsoft Visual Studio Solution File, Format Version 12.00
# Visual Studio Version 17
VisualStudioVersion = 17.9.34616.47
MinimumVisualStudioVersion = 10.0.40219.1
Project("{FAE04EC0-301F-11D3-BF4B-00C04F79EFBC}") = "AuthAPI", "AuthAPI.csproj", "{452908FA-AD11-4005-A4D3-C0E1B54EFA30}"
EndProject
Global
	GlobalSection(SolutionConfigurationPlatforms) = preSolution
		Debug|Any CPU = Debug|Any CPU
		Release|Any CPU = Release|Any CPU
	EndGlobalSection
	GlobalSection(ProjectConfigurationPlatforms) = postSolution
		{452908FA-AD11-4005-A4D3-C0E1B54EFA30}.Debug|Any CPU.ActiveCfg = Debug|Any CPU
		{452908FA-AD11-4005-A4D3-C0E1B54EFA30}.Debug|Any CPU.Build.0 = Debug|Any CPU
		{452908FA-AD11-4005-A4D3-C0E1B54EFA30}.Release|Any CPU.ActiveCfg = Release|Any CPU
		{452908FA-AD11-4005-A4D3-C0E1B54EFA30}.Release|Any CPU.Build.0 = Release|Any CPU
	EndGlobalSection
	GlobalSection(SolutionProperties) = preSolution
		HideSolutionNode = FALSE
	EndGlobalSection
	GlobalSection(ExtensibilityGlobals) = postSolution
		SolutionGuid = {A8D7DB2F-3EE3-48D6-B068-A3B08820D76B}
	EndGlobalSection
EndGlobal
